
Microsoft Visual Studio Solution File, Format Version 12.00
# Visual Studio Version 16
VisualStudioVersion = 16.0.31112.23
MinimumVisualStudioVersion = 10.0.40219.1
Project("{9A19103F-16F7-4668-BE54-9A1E7A4F7556}") = "XSSAttack", "XSSAttack\XSSAttack.csproj", "{A47C576D-807E-4B15-A3B7-E90AED7D9BB2}"
EndProject
Project("{9A19103F-16F7-4668-BE54-9A1E7A4F7556}") = "SqlInjection", "SqlInjection\SqlInjection.csproj", "{558C9703-AE86-4EC6-9015-0083834B4FF9}"
EndProject
Project("{9A19103F-16F7-4668-BE54-9A1E7A4F7556}") = "UploadFiles", "UploadFiles\UploadFiles.csproj", "{C3AD9278-94E0-4FB3-90D9-31B91F6F62EB}"
EndProject
Project("{9A19103F-16F7-4668-BE54-9A1E7A4F7556}") = "CSRFAttack", "CSRFAttack\CSRFAttack.csproj", "{ED7C4B8A-D740-4969-9D37-105ED102CEBC}"
EndProject
Project("{2150E333-8FDC-42A3-9474-1A3956D46DE8}") = "Authorization", "Authorization", "{17A372C5-AE2A-4010-9C50-563C3430EF49}"
EndProject
Project("{9A19103F-16F7-4668-BE54-9A1E7A4F7556}") = "WebApi", "WebApi\WebApi.csproj", "{DA3495B6-C25A-4D6B-9924-17764D023251}"
EndProject
Project("{9A19103F-16F7-4668-BE54-9A1E7A4F7556}") = "IServices", "IServices\IServices.csproj", "{84C98312-D518-4A76-A3DC-9280E1C151CB}"
EndProject
Project("{9A19103F-16F7-4668-BE54-9A1E7A4F7556}") = "RazorPages", "RazorPages\RazorPages.csproj", "{F936EF1E-3DE9-493E-8AA5-CA3F479D2574}"
EndProject
Project("{9A19103F-16F7-4668-BE54-9A1E7A4F7556}") = "MVCApp", "MVCApp\MVCApp.csproj", "{BBF4F987-407C-4765-865C-E940EE127133}"
EndProject
Project("{9A19103F-16F7-4668-BE54-9A1E7A4F7556}") = "Fakers", "Fakers\Fakers.csproj", "{5B55352C-8C95-4556-BD1D-8204521AC205}"
EndProject
Project("{9A19103F-16F7-4668-BE54-9A1E7A4F7556}") = "Models", "Models\Models.csproj", "{CC800EC8-20B5-429C-A251-AB039947C305}"
EndProject
Project("{9A19103F-16F7-4668-BE54-9A1E7A4F7556}") = "FakeServices", "FakeServices\FakeServices.csproj", "{90BA3B7C-A1A6-47F0-90BC-D3C29AC1FC2A}"
EndProject
Project("{9A19103F-16F7-4668-BE54-9A1E7A4F7556}") = "AuthenticationHandlers", "AuthenticationHandlers\AuthenticationHandlers.csproj", "{DC1013A4-57F6-48B9-BB2F-B8B7E1F78CC7}"
EndProject
Project("{9A19103F-16F7-4668-BE54-9A1E7A4F7556}") = "WebApp", "WebApp\WebApp.csproj", "{1879E8F2-3B4C-4067-9E1B-6D2CFD09E587}"
EndProject
Global
	GlobalSection(SolutionConfigurationPlatforms) = preSolution
		Debug|Any CPU = Debug|Any CPU
		Release|Any CPU = Release|Any CPU
	EndGlobalSection
	GlobalSection(ProjectConfigurationPlatforms) = postSolution
		{A47C576D-807E-4B15-A3B7-E90AED7D9BB2}.Debug|Any CPU.ActiveCfg = Debug|Any CPU
		{A47C576D-807E-4B15-A3B7-E90AED7D9BB2}.Debug|Any CPU.Build.0 = Debug|Any CPU
		{A47C576D-807E-4B15-A3B7-E90AED7D9BB2}.Release|Any CPU.ActiveCfg = Release|Any CPU
		{A47C576D-807E-4B15-A3B7-E90AED7D9BB2}.Release|Any CPU.Build.0 = Release|Any CPU
		{558C9703-AE86-4EC6-9015-0083834B4FF9}.Debug|Any CPU.ActiveCfg = Debug|Any CPU
		{558C9703-AE86-4EC6-9015-0083834B4FF9}.Debug|Any CPU.Build.0 = Debug|Any CPU
		{558C9703-AE86-4EC6-9015-0083834B4FF9}.Release|Any CPU.ActiveCfg = Release|Any CPU
		{558C9703-AE86-4EC6-9015-0083834B4FF9}.Release|Any CPU.Build.0 = Release|Any CPU
		{C3AD9278-94E0-4FB3-90D9-31B91F6F62EB}.Debug|Any CPU.ActiveCfg = Debug|Any CPU
		{C3AD9278-94E0-4FB3-90D9-31B91F6F62EB}.Debug|Any CPU.Build.0 = Debug|Any CPU
		{C3AD9278-94E0-4FB3-90D9-31B91F6F62EB}.Release|Any CPU.ActiveCfg = Release|Any CPU
		{C3AD9278-94E0-4FB3-90D9-31B91F6F62EB}.Release|Any CPU.Build.0 = Release|Any CPU
		{ED7C4B8A-D740-4969-9D37-105ED102CEBC}.Debug|Any CPU.ActiveCfg = Debug|Any CPU
		{ED7C4B8A-D740-4969-9D37-105ED102CEBC}.Debug|Any CPU.Build.0 = Debug|Any CPU
		{ED7C4B8A-D740-4969-9D37-105ED102CEBC}.Release|Any CPU.ActiveCfg = Release|Any CPU
		{ED7C4B8A-D740-4969-9D37-105ED102CEBC}.Release|Any CPU.Build.0 = Release|Any CPU
		{DA3495B6-C25A-4D6B-9924-17764D023251}.Debug|Any CPU.ActiveCfg = Debug|Any CPU
		{DA3495B6-C25A-4D6B-9924-17764D023251}.Debug|Any CPU.Build.0 = Debug|Any CPU
		{DA3495B6-C25A-4D6B-9924-17764D023251}.Release|Any CPU.ActiveCfg = Release|Any CPU
		{DA3495B6-C25A-4D6B-9924-17764D023251}.Release|Any CPU.Build.0 = Release|Any CPU
		{84C98312-D518-4A76-A3DC-9280E1C151CB}.Debug|Any CPU.ActiveCfg = Debug|Any CPU
		{84C98312-D518-4A76-A3DC-9280E1C151CB}.Debug|Any CPU.Build.0 = Debug|Any CPU
		{84C98312-D518-4A76-A3DC-9280E1C151CB}.Release|Any CPU.ActiveCfg = Release|Any CPU
		{84C98312-D518-4A76-A3DC-9280E1C151CB}.Release|Any CPU.Build.0 = Release|Any CPU
		{F936EF1E-3DE9-493E-8AA5-CA3F479D2574}.Debug|Any CPU.ActiveCfg = Debug|Any CPU
		{F936EF1E-3DE9-493E-8AA5-CA3F479D2574}.Debug|Any CPU.Build.0 = Debug|Any CPU
		{F936EF1E-3DE9-493E-8AA5-CA3F479D2574}.Release|Any CPU.ActiveCfg = Release|Any CPU
		{F936EF1E-3DE9-493E-8AA5-CA3F479D2574}.Release|Any CPU.Build.0 = Release|Any CPU
		{BBF4F987-407C-4765-865C-E940EE127133}.Debug|Any CPU.ActiveCfg = Debug|Any CPU
		{BBF4F987-407C-4765-865C-E940EE127133}.Debug|Any CPU.Build.0 = Debug|Any CPU
		{BBF4F987-407C-4765-865C-E940EE127133}.Release|Any CPU.ActiveCfg = Release|Any CPU
		{BBF4F987-407C-4765-865C-E940EE127133}.Release|Any CPU.Build.0 = Release|Any CPU
		{5B55352C-8C95-4556-BD1D-8204521AC205}.Debug|Any CPU.ActiveCfg = Debug|Any CPU
		{5B55352C-8C95-4556-BD1D-8204521AC205}.Debug|Any CPU.Build.0 = Debug|Any CPU
		{5B55352C-8C95-4556-BD1D-8204521AC205}.Release|Any CPU.ActiveCfg = Release|Any CPU
		{5B55352C-8C95-4556-BD1D-8204521AC205}.Release|Any CPU.Build.0 = Release|Any CPU
		{CC800EC8-20B5-429C-A251-AB039947C305}.Debug|Any CPU.ActiveCfg = Debug|Any CPU
		{CC800EC8-20B5-429C-A251-AB039947C305}.Debug|Any CPU.Build.0 = Debug|Any CPU
		{CC800EC8-20B5-429C-A251-AB039947C305}.Release|Any CPU.ActiveCfg = Release|Any CPU
		{CC800EC8-20B5-429C-A251-AB039947C305}.Release|Any CPU.Build.0 = Release|Any CPU
		{90BA3B7C-A1A6-47F0-90BC-D3C29AC1FC2A}.Debug|Any CPU.ActiveCfg = Debug|Any CPU
		{90BA3B7C-A1A6-47F0-90BC-D3C29AC1FC2A}.Debug|Any CPU.Build.0 = Debug|Any CPU
		{90BA3B7C-A1A6-47F0-90BC-D3C29AC1FC2A}.Release|Any CPU.ActiveCfg = Release|Any CPU
		{90BA3B7C-A1A6-47F0-90BC-D3C29AC1FC2A}.Release|Any CPU.Build.0 = Release|Any CPU
		{DC1013A4-57F6-48B9-BB2F-B8B7E1F78CC7}.Debug|Any CPU.ActiveCfg = Debug|Any CPU
		{DC1013A4-57F6-48B9-BB2F-B8B7E1F78CC7}.Debug|Any CPU.Build.0 = Debug|Any CPU
		{DC1013A4-57F6-48B9-BB2F-B8B7E1F78CC7}.Release|Any CPU.ActiveCfg = Release|Any CPU
		{DC1013A4-57F6-48B9-BB2F-B8B7E1F78CC7}.Release|Any CPU.Build.0 = Release|Any CPU
		{1879E8F2-3B4C-4067-9E1B-6D2CFD09E587}.Debug|Any CPU.ActiveCfg = Debug|Any CPU
		{1879E8F2-3B4C-4067-9E1B-6D2CFD09E587}.Debug|Any CPU.Build.0 = Debug|Any CPU
		{1879E8F2-3B4C-4067-9E1B-6D2CFD09E587}.Release|Any CPU.ActiveCfg = Release|Any CPU
		{1879E8F2-3B4C-4067-9E1B-6D2CFD09E587}.Release|Any CPU.Build.0 = Release|Any CPU
	EndGlobalSection
	GlobalSection(SolutionProperties) = preSolution
		HideSolutionNode = FALSE
	EndGlobalSection
	GlobalSection(NestedProjects) = preSolution
		{DA3495B6-C25A-4D6B-9924-17764D023251} = {17A372C5-AE2A-4010-9C50-563C3430EF49}
		{84C98312-D518-4A76-A3DC-9280E1C151CB} = {17A372C5-AE2A-4010-9C50-563C3430EF49}
		{F936EF1E-3DE9-493E-8AA5-CA3F479D2574} = {17A372C5-AE2A-4010-9C50-563C3430EF49}
		{BBF4F987-407C-4765-865C-E940EE127133} = {17A372C5-AE2A-4010-9C50-563C3430EF49}
		{5B55352C-8C95-4556-BD1D-8204521AC205} = {17A372C5-AE2A-4010-9C50-563C3430EF49}
		{CC800EC8-20B5-429C-A251-AB039947C305} = {17A372C5-AE2A-4010-9C50-563C3430EF49}
		{90BA3B7C-A1A6-47F0-90BC-D3C29AC1FC2A} = {17A372C5-AE2A-4010-9C50-563C3430EF49}
		{DC1013A4-57F6-48B9-BB2F-B8B7E1F78CC7} = {17A372C5-AE2A-4010-9C50-563C3430EF49}
	EndGlobalSection
	GlobalSection(ExtensibilityGlobals) = postSolution
		SolutionGuid = {1D6D6703-69C5-4A19-92CA-2FB805D290F5}
	EndGlobalSection
EndGlobal
